
Microsoft Visual Studio Solution File, Format Version 12.00
# Visual Studio Version 17
VisualStudioVersion = 17.7.34221.43
MinimumVisualStudioVersion = 10.0.40219.1
Project("{FAE04EC0-301F-11D3-BF4B-00C04F79EFBC}") = "Principalfrm", "Principalfrm\Principalfrm.csproj", "{A60F5EFB-89CE-46BA-8E71-6C9B47CA32C8}"
EndProject
Project("{2150E333-8FDC-42A3-9474-1A3956D46DE8}") = "Elementos de la solución", "Elementos de la solución", "{1A2DC99E-CDBD-42E8-8C7D-10544CB31898}"
EndProject
Global
	GlobalSection(SolutionConfigurationPlatforms) = preSolution
		Debug|Any CPU = Debug|Any CPU
		Release|Any CPU = Release|Any CPU
	EndGlobalSection
	GlobalSection(ProjectConfigurationPlatforms) = postSolution
		{A60F5EFB-89CE-46BA-8E71-6C9B47CA32C8}.Debug|Any CPU.ActiveCfg = Debug|Any CPU
		{A60F5EFB-89CE-46BA-8E71-6C9B47CA32C8}.Debug|Any CPU.Build.0 = Debug|Any CPU
		{A60F5EFB-89CE-46BA-8E71-6C9B47CA32C8}.Release|Any CPU.ActiveCfg = Release|Any CPU
		{A60F5EFB-89CE-46BA-8E71-6C9B47CA32C8}.Release|Any CPU.Build.0 = Release|Any CPU
	EndGlobalSection
	GlobalSection(SolutionProperties) = preSolution
		HideSolutionNode = FALSE
	EndGlobalSection
	GlobalSection(ExtensibilityGlobals) = postSolution
		SolutionGuid = {3E3627D9-2358-4017-A198-990B67DE26EE}
	EndGlobalSection
EndGlobal
